Microsoft Visual Studio Solution File, Format Version 12.00
# Visual Studio 2022
Project("{8BC9CEB8-8B4A-11D0-8D11-00A0C91BC942}") = "swi", "swi\swi.vcxproj", "{2F277B1D-1429-4C53-A65B-22B0102CF154}"
	ProjectSection(ProjectDependencies) = postProject
		{9D8CD2C9-F219-45F3-8DFF-9CB9B8A45BC5} = {9D8CD2C9-F219-45F3-8DFF-9CB9B8A45BC5}
	EndProjectSection
EndProject
Project("{8BC9CEB8-8B4A-11D0-8D11-00A0C91BC942}") = "swc", "swc\swc.vcxproj", "{9D8CD2C9-F219-45F3-8DFF-9CB9B8A45BC5}"
	ProjectSection(ProjectDependencies) = postProject
		{59F70C8B-EA5E-46BA-ACEB-3090DEE77107} = {59F70C8B-EA5E-46BA-ACEB-3090DEE77107}
	EndProjectSection
EndProject
Project("{8BC9CEB8-8B4A-11D0-8D11-00A0C91BC942}") = "base", "base\base.vcxproj", "{59F70C8B-EA5E-46BA-ACEB-3090DEE77107}"
EndProject
Global
	GlobalSection(SolutionConfigurationPlatforms) = preSolution
		debug|x86_64 = debug|x86_64
		release|x86_64 = release|x86_64
	EndGlobalSection
	GlobalSection(ProjectConfigurationPlatforms) = postSolution
		{59F70C8B-EA5E-46BA-ACEB-3090DEE77107}.debug|x86_64.ActiveCfg = debug|x64
		{59F70C8B-EA5E-46BA-ACEB-3090DEE77107}.debug|x86_64.Build.0 = debug|x64
		{59F70C8B-EA5E-46BA-ACEB-3090DEE77107}.release|x86_64.ActiveCfg = release|x64
		{59F70C8B-EA5E-46BA-ACEB-3090DEE77107}.release|x86_64.Build.0 = release|x64
		{9D8CD2C9-F219-45F3-8DFF-9CB9B8A45BC5}.debug|x86_64.ActiveCfg = debug|x64
		{9D8CD2C9-F219-45F3-8DFF-9CB9B8A45BC5}.debug|x86_64.Build.0 = debug|x64
		{9D8CD2C9-F219-45F3-8DFF-9CB9B8A45BC5}.release|x86_64.ActiveCfg = release|x64
		{9D8CD2C9-F219-45F3-8DFF-9CB9B8A45BC5}.release|x86_64.Build.0 = release|x64
		{2F277B1D-1429-4C53-A65B-22B0102CF154}.debug|x86_64.ActiveCfg = debug|x64
		{2F277B1D-1429-4C53-A65B-22B0102CF154}.debug|x86_64.Build.0 = debug|x64
		{2F277B1D-1429-4C53-A65B-22B0102CF154}.release|x86_64.ActiveCfg = release|x64
		{2F277B1D-1429-4C53-A65B-22B0102CF154}.release|x86_64.Build.0 = release|x64
	EndGlobalSection
	GlobalSection(SolutionProperties) = preSolution
		HideSolutionNode = FALSE
	EndGlobalSection
	GlobalSection(NestedProjects) = preSolution
	EndGlobalSection
EndGlobal
