<?xml version="1.0" encoding="utf-8"?>
<Project ToolsVersion="4.0" xmlns="http://schemas.microsoft.com/developer/msbuild/2003">
  <ItemGroup>
    <Filter Include="ast">
      <UniqueIdentifier>{BA6BAD26-38AD-4580-B1F0-969D00BC7051}</UniqueIdentifier>
    </Filter>
    <Filter Include="diagnostics">
      <UniqueIdentifier>{00EAD672-6B91-4EF4-94DF-AD9BEB7F22EF}</UniqueIdentifier>
    </Filter>
    <Filter Include="g-machine">
      <UniqueIdentifier>{25A11B0E-A092-44C9-AB83-38FC8408781D}</UniqueIdentifier>
    </Filter>
    <Filter Include="lexer">
      <UniqueIdentifier>{1274F3E5-BC2E-44DD-A0C9-986CD05CBCC1}</UniqueIdentifier>
    </Filter>
    <Filter Include="parser">
      <UniqueIdentifier>{C5573610-5DC1-485B-9671-6FA7253EE7D0}</UniqueIdentifier>
    </Filter>
    <Filter Include="type">
      <UniqueIdentifier>{71EB22A0-308B-42D0-9D6C-C9C7EF3572C2}</UniqueIdentifier>
    </Filter>
  </ItemGroup>
  <ItemGroup>
    <ClCompile Include="../../compiler/ast/ast.cpp">
      <Filter>ast</Filter>
    </ClCompile>
    <ClCompile Include="../../compiler/ast/dump.cpp">
      <Filter>ast</Filter>
    </ClCompile>
    <ClCompile Include="../../compiler/ast/g-machine.cpp">
      <Filter>ast</Filter>
    </ClCompile>
    <ClCompile Include="../../compiler/ast/type.cpp">
      <Filter>ast</Filter>
    </ClCompile>
    <ClCompile Include="../../compiler/diagnostics/diagnostics.cpp">
      <Filter>diagnostics</Filter>
    </ClCompile>
    <ClCompile Include="../../compiler/diagnostics/reporter.cpp">
      <Filter>diagnostics</Filter>
    </ClCompile>
    <ClCompile Include="../../compiler/diagnostics/utils.cpp">
      <Filter>diagnostics</Filter>
    </ClCompile>
    <ClCompile Include="../../compiler/g-machine/binop.cpp">
      <Filter>g-machine</Filter>
    </ClCompile>
    <ClCompile Include="../../compiler/g-machine/environment.cpp">
      <Filter>g-machine</Filter>
    </ClCompile>
    <ClCompile Include="../../compiler/g-machine/instruction.cpp">
      <Filter>g-machine</Filter>
    </ClCompile>
    <ClCompile Include="../../compiler/lexer/flex_lexer.cpp">
      <Filter>lexer</Filter>
    </ClCompile>
    <ClCompile Include="../../compiler/lexer/lexer.cpp">
      <Filter>lexer</Filter>
    </ClCompile>
    <ClCompile Include="../../compiler/parser/bison_parser.cpp">
      <Filter>parser</Filter>
    </ClCompile>
    <ClCompile Include="../../compiler/parser/parser.cpp">
      <Filter>parser</Filter>
    </ClCompile>
    <ClCompile Include="../../compiler/type/dump.cpp">
      <Filter>type</Filter>
    </ClCompile>
    <ClCompile Include="../../compiler/type/environment.cpp">
      <Filter>type</Filter>
    </ClCompile>
    <ClCompile Include="../../compiler/type/type.cpp">
      <Filter>type</Filter>
    </ClCompile>
  </ItemGroup>
  <ItemGroup>
  </ItemGroup>
</Project>
